// !$*UTF8*$!
{
	archiveVersion = 1;
	classes = {
	};
	objectVersion = 77;
	objects = {

/* Begin PBXBuildFile section */
		EF3C36DE302D10DE00D15B6B /* testingWatch Watch App.app in Embed Watch Content */ = {isa = PBXBuildFile; fileRef = EF3C36DD302D10DE00D15B6B /* testingWatch Watch App.app */; settings = {ATTRIBUTES = (RemoveHeadersOnCopy, ); }; };
/* End PBXBuildFile section */

/* Begin PBXContainerItemProxy section */
		EF3C36DF302D10DE00D15B6B /* PBXContainerItemProxy */ = {
			isa = PBXContainerItemProxy;
			containerPortal = EF3C36D1302D10DE00D15B6B /* Project object */;
			proxyType = 1;
			remoteGlobalIDString = EF3C36DC302D10DE00D15B6B;
			remoteInfo = "testingWatch Watch App";
		};
		EF3C36ED302D10DF00D15B6B /* PBXContainerItemProxy */ = {
			isa = PBXContainerItemProxy;
			containerPortal = EF3C36D1302D10DE00D15B6B /* Project object */;
			proxyType = 1;
			remoteGlobalIDString = EF3C36DC302D10DE00D15B6B;
			remoteInfo = "testingWatch Watch App";
		};
		EF3C36F7302D10DF00D15B6B /* PBXContainerItemProxy */ = {
			isa = PBXContainerItemProxy;
			containerPortal = EF3C36D1302D10DE00D15B6B /* Project object */;
			proxyType = 1;
			remoteGlobalIDString = EF3C36DC302D10DE00D15B6B;
			remoteInfo = "testingWatch Watch App";
		};
/* End PBXContainerItemProxy section */

/* Begin PBXCopyFilesBuildPhase section */
		EF3C3703302D10DF00D15B6B /* Embed Watch Content */ = {
			isa = PBXCopyFilesBuildPhase;
			buildActionMask = 2147483647;
			dstPath = "$(CONTENTS_FOLDER_PATH)/Watch";
			dstSubfolderSpec = 16;
			files = (
				EF3C36DE302D10DE00D15B6B /* testingWatch Watch App.app in Embed Watch Content */,
			);
			name = "Embed Watch Content";
			runOnlyForDeploymentPostprocessing = 0;
		};
/* End PBXCopyFilesBuildPhase section */

/* Begin PBXFileReference section */
		EF3C36D7302D10DE00D15B6B /* testingWatch.app */ = {isa = PBXFileReference; explicitFileType = wrapper.application; includeInIndex = 0; path = testingWatch.app; sourceTree = BUILT_PRODUCTS_DIR; };
		EF3C36DD302D10DE00D15B6B /* testingWatch Watch App.app */ = {isa = PBXFileReference; explicitFileType = wrapper.application; includeInIndex = 0; path = "testingWatch Watch App.app"; sourceTree = BUILT_PRODUCTS_DIR; };
		EF3C36EC302D10DF00D15B6B /* testingWatch Watch AppTests.xctest */ = {isa = PBXFileReference; explicitFileType = wrapper.cfbundle; includeInIndex = 0; path = "testingWatch Watch AppTests.xctest"; sourceTree = BUILT_PRODUCTS_DIR; };
		EF3C36F6302D10DF00D15B6B /* testingWatch Watch AppUITests.xctest */ = {isa = PBXFileReference; explicitFileType = wrapper.cfbundle; includeInIndex = 0; path = "testingWatch Watch AppUITests.xctest"; sourceTree = BUILT_PRODUCTS_DIR; };
/* End PBXFileReference section */

/* Begin PBXFileSystemSynchronizedRootGroup section */
		EF3C36E1302D10DE00D15B6B /* testingWatch Watch App */ = {
			isa = PBXFileSystemSynchronizedRootGroup;
			path = "testingWatch Watch App";
			sourceTree = "<group>";
		};
		EF3C36EF302D10DF00D15B6B /* testingWatch Watch AppTests */ = {
			isa = PBXFileSystemSynchronizedRootGroup;
			path = "testingWatch Watch AppTests";
			sourceTree = "<group>";
		};
		EF3C36F9302D10DF00D15B6B /* testingWatch Watch AppUITests */ = {
			isa = PBXFileSystemSynchronizedRootGroup;
			path = "testingWatch Watch AppUITests";
			sourceTree = "<group>";
		};
/* End PBXFileSystemSynchronizedRootGroup section */

/* Begin PBXFrameworksBuildPhase section */
		EF3C36DA302D10DE00D15B6B /* Frameworks */ = {
			isa = PBXFrameworksBuildPhase;
			buildActionMask = 2147483647;
			files = (
			);
			runOnlyForDeploymentPostprocessing = 0;
		};
		EF3C36E9302D10DF00D15B6B /* Frameworks */ = {
			isa = PBXFrameworksBuildPhase;
			buildActionMask = 2147483647;
			files = (
			);
			runOnlyForDeploymentPostprocessing = 0;
		};
		EF3C36F3302D10DF00D15B6B /* Frameworks */ = {
			isa = PBXFrameworksBuildPhase;
			buildActionMask = 2147483647;
			files = (
			);
			runOnlyForDeploymentPostprocessing = 0;
		};
/* End PBXFrameworksBuildPhase section */

/* Begin PBXGroup section */
		EF3C36D0302D10DE00D15B6B = {
			isa = PBXGroup;
			children = (
				EF3C36E1302D10DE00D15B6B /* testingWatch Watch App */,
				EF3C36EF302D10DF00D15B6B /* testingWatch Watch AppTests */,
				EF3C36F9302D10DF00D15B6B /* testingWatch Watch AppUITests */,
				EF3C36D8302D10DE00D15B6B /* Products */,
			);
			sourceTree = "<group>";
		};
		EF3C36D8302D10DE00D15B6B /* Products */ = {
			isa = PBXGroup;
			children = (
				EF3C36D7302D10DE00D15B6B /* testingWatch.app */,
				EF3C36DD302D10DE00D15B6B /* testingWatch Watch App.app */,
				EF3C36EC302D10DF00D15B6B /* testingWatch Watch AppTests.xctest */,
				EF3C36F6302D10DF00D15B6B /* testingWatch Watch AppUITests.xctest */,
			);
			name = Products;
			sourceTree = "<group>";
		};
/* End PBXGroup section */

/* Begin PBXNativeTarget section */
		EF3C36D6302D10DE00D15B6B /* testingWatch */ = {
			isa = PBXNativeTarget;
			buildConfigurationList = EF3C3704302D10DF00D15B6B /* Build configuration list for PBXNativeTarget "testingWatch" */;
			buildPhases = (
				EF3C36D5302D10DE00D15B6B /* Resources */,
				EF3C3703302D10DF00D15B6B /* Embed Watch Content */,
			);
			buildRules = (
			);
			dependencies = (
				EF3C36E0302D10DE00D15B6B /* PBXTargetDependency */,
			);
			name = testingWatch;
			packageProductDependencies = (
			);
			productName = testingWatch;
			productReference = EF3C36D7302D10DE00D15B6B /* testingWatch.app */;
			productType = "com.apple.product-type.application.watchapp2-container";
		};
		EF3C36DC302D10DE00D15B6B /* testingWatch Watch App */ = {
			isa = PBXNativeTarget;
			buildConfigurationList = EF3C3700302D10DF00D15B6B /* Build configuration list for PBXNativeTarget "testingWatch Watch App" */;
			buildPhases = (
				EF3C36D9302D10DE00D15B6B /* Sources */,
				EF3C36DA302D10DE00D15B6B /* Frameworks */,
				EF3C36DB302D10DE00D15B6B /* Resources */,
			);
			buildRules = (
			);
			dependencies = (
			);
			fileSystemSynchronizedGroups = (
				EF3C36E1302D10DE00D15B6B /* testingWatch Watch App */,
			);
			name = "testingWatch Watch App";
			packageProductDependencies = (
			);
			productName = "testingWatch Watch App";
			productReference = EF3C36DD302D10DE00D15B6B /* testingWatch Watch App.app */;
			productType = "com.apple.product-type.application";
		};
		EF3C36EB302D10DF00D15B6B /* testingWatch Watch AppTests */ = {
			isa = PBXNativeTarget;
			buildConfigurationList = EF3C3707302D10DF00D15B6B /* Build configuration list for PBXNativeTarget "testingWatch Watch AppTests" */;
			buildPhases = (
				EF3C36E8302D10DF00D15B6B /* Sources */,
				EF3C36E9302D10DF00D15B6B /* Frameworks */,
				EF3C36EA302D10DF00D15B6B /* Resources */,
			);
			buildRules = (
			);
			dependencies = (
				EF3C36EE302D10DF00D15B6B /* PBXTargetDependency */,
			);
			fileSystemSynchronizedGroups = (
				EF3C36EF302D10DF00D15B6B /* testingWatch Watch AppTests */,
			);
			name = "testingWatch Watch AppTests";
			packageProductDependencies = (
			);
			productName = "testingWatch Watch AppTests";
			productReference = EF3C36EC302D10DF00D15B6B /* testingWatch Watch AppTests.xctest */;
			productType = "com.apple.product-type.bundle.unit-test";
		};
		EF3C36F5302D10DF00D15B6B /* testingWatch Watch AppUITests */ = {
			isa = PBXNativeTarget;
			buildConfigurationList = EF3C370A302D10DF00D15B6B /* Build configuration list for PBXNativeTarget "testingWatch Watch AppUITests" */;
			buildPhases = (
				EF3C36F2302D10DF00D15B6B /* Sources */,
				EF3C36F3302D10DF00D15B6B /* Frameworks */,
				EF3C36F4302D10DF00D15B6B /* Resources */,
			);
			buildRules = (
			);
			dependencies = (
				EF3C36F8302D10DF00D15B6B /* PBXTargetDependency */,
			);
			fileSystemSynchronizedGroups = (
				EF3C36F9302D10DF00D15B6B /* testingWatch Watch AppUITests */,
			);
			name = "testingWatch Watch AppUITests";
			packageProductDependencies = (
			);
			productName = "testingWatch Watch AppUITests";
			productReference = EF3C36F6302D10DF00D15B6B /* testingWatch Watch AppUITests.xctest */;
			productType = "com.apple.product-type.bundle.ui-testing";
		};
/* End PBXNativeTarget section */

/* Begin PBXProject section */
		EF3C36D1302D10DE00D15B6B /* Project object */ = {
			isa = PBXProject;
			attributes = {
				BuildIndependentTargetsInParallel = 1;
				LastSwiftUpdateCheck = 2660;
				LastUpgradeCheck = 2660;
				TargetAttributes = {
					EF3C36D6302D10DE00D15B6B = {
						CreatedOnToolsVersion = 26.6;
					};
					EF3C36DC302D10DE00D15B6B = {
						CreatedOnToolsVersion = 26.6;
					};
					EF3C36EB302D10DF00D15B6B = {
						CreatedOnToolsVersion = 26.6;
						TestTargetID = EF3C36DC302D10DE00D15B6B;
					};
					EF3C36F5302D10DF00D15B6B = {
						CreatedOnToolsVersion = 26.6;
						TestTargetID = EF3C36DC302D10DE00D15B6B;
					};
				};
			};
			buildConfigurationList = EF3C36D4302D10DE00D15B6B /* Build configuration list for PBXProject "testingWatch" */;
			developmentRegion = en;
			hasScannedForEncodings = 0;
			knownRegions = (
				en,
				Base,
			);
			mainGroup = EF3C36D0302D10DE00D15B6B;
			minimizedProjectReferenceProxies = 1;
			preferredProjectObjectVersion = 77;
			productRefGroup = EF3C36D8302D10DE00D15B6B /* Products */;
			projectDirPath = "";
			projectRoot = "";
			targets = (
				EF3C36D6302D10DE00D15B6B /* testingWatch */,
				EF3C36DC302D10DE00D15B6B /* testingWatch Watch App */,
				EF3C36EB302D10DF00D15B6B /* testingWatch Watch AppTests */,
				EF3C36F5302D10DF00D15B6B /* testingWatch Watch AppUITests */,
			);
		};
/* End PBXProject section */

/* Begin PBXResourcesBuildPhase section */
		EF3C36D5302D10DE00D15B6B /* Resources */ = {
			isa = PBXResourcesBuildPhase;
			buildActionMask = 2147483647;
			files = (
			);
			runOnlyForDeploymentPostprocessing = 0;
		};
		EF3C36DB302D10DE00D15B6B /* Resources */ = {
			isa = PBXResourcesBuildPhase;
			buildActionMask = 2147483647;
			files = (
			);
			runOnlyForDeploymentPostprocessing = 0;
		};
		EF3C36EA302D10DF00D15B6B /* Resources */ = {
			isa = PBXResourcesBuildPhase;
			buildActionMask = 2147483647;
			files = (
			);
			runOnlyForDeploymentPostprocessing = 0;
		};
		EF3C36F4302D10DF00D15B6B /* Resources */ = {
			isa = PBXResourcesBuildPhase;
			buildActionMask = 2147483647;
			files = (
			);
			runOnlyForDeploymentPostprocessing = 0;
		};
/* End PBXResourcesBuildPhase section */

/* Begin PBXSourcesBuildPhase section */
		EF3C36D9302D10DE00D15B6B /* Sources */ = {
			isa = PBXSourcesBuildPhase;
			buildActionMask = 2147483647;
			files = (
			);
			runOnlyForDeploymentPostprocessing = 0;
		};
		EF3C36E8302D10DF00D15B6B /* Sources */ = {
			isa = PBXSourcesBuildPhase;
			buildActionMask = 2147483647;
			files = (
			);
			runOnlyForDeploymentPostprocessing = 0;
		};
		EF3C36F2302D10DF00D15B6B /* Sources */ = {
			isa = PBXSourcesBuildPhase;
			buildActionMask = 2147483647;
			files = (
			);
			runOnlyForDeploymentPostprocessing = 0;
		};
/* End PBXSourcesBuildPhase section */

/* Begin PBXTargetDependency section */
		EF3C36E0302D10DE00D15B6B /* PBXTargetDependency */ = {
			isa = PBXTargetDependency;
			target = EF3C36DC302D10DE00D15B6B /* testingWatch Watch App */;
			targetProxy = EF3C36DF302D10DE00D15B6B /* PBXContainerItemProxy */;
		};
		EF3C36EE302D10DF00D15B6B /* PBXTargetDependency */ = {
			isa = PBXTargetDependency;
			target = EF3C36DC302D10DE00D15B6B /* testingWatch Watch App */;
			targetProxy = EF3C36ED302D10DF00D15B6B /* PBXContainerItemProxy */;
		};
		EF3C36F8302D10DF00D15B6B /* PBXTargetDependency */ = {
			isa = PBXTargetDependency;
			target = EF3C36DC302D10DE00D15B6B /* testingWatch Watch App */;
			targetProxy = EF3C36F7302D10DF00D15B6B /* PBXContainerItemProxy */;
		};
/* End PBXTargetDependency section */

/* Begin XCBuildConfiguration section */
		EF3C36FE302D10DF00D15B6B /* Debug */ = {
			isa = XCBuildConfiguration;
			buildSettings = {
				ALWAYS_SEARCH_USER_PATHS = NO;
				ASSETCATALOG_COMPILER_GENERATE_SWIFT_ASSET_SYMBOL_EXTENSIONS = YES;
				CLANG_ANALYZER_NONNULL = YES;
				CLANG_ANALYZER_NUMBER_OBJECT_CONVERSION = YES_AGGRESSIVE;
				CLANG_CXX_LANGUAGE_STANDARD = "gnu++20";
				CLANG_ENABLE_MODULES = YES;
				CLANG_ENABLE_OBJC_ARC = YES;
				CLANG_ENABLE_OBJC_WEAK = YES;
				CLANG_WARN_BLOCK_CAPTURE_AUTORELEASING = YES;
				CLANG_WARN_BOOL_CONVERSION = YES;
				CLANG_WARN_COMMA = YES;
				CLANG_WARN_CONSTANT_CONVERSION = YES;
				CLANG_WARN_DEPRECATED_OBJC_IMPLEMENTATIONS = YES;
				CLANG_WARN_DIRECT_OBJC_ISA_USAGE = YES_ERROR;
				CLANG_WARN_DOCUMENTATION_COMMENTS = YES;
				CLANG_WARN_EMPTY_BODY = YES;
				CLANG_WARN_ENUM_CONVERSION = YES;
				CLANG_WARN_INFINITE_RECURSION = YES;
				CLANG_WARN_INT_CONVERSION = YES;
				CLANG_WARN_NON_LITERAL_NULL_CONVERSION = YES;
				CLANG_WARN_OBJC_IMPLICIT_RETAIN_SELF = YES;
				CLANG_WARN_OBJC_LITERAL_CONVERSION = YES;
				CLANG_WARN_OBJC_ROOT_CLASS = YES_ERROR;
				CLANG_WARN_QUOTED_INCLUDE_IN_FRAMEWORK_HEADER = YES;
				CLANG_WARN_RANGE_LOOP_ANALYSIS = YES;
				CLANG_WARN_STRICT_PROTOTYPES = YES;
				CLANG_WARN_SUSPICIOUS_MOVE = YES;
				CLANG_WARN_UNGUARDED_AVAILABILITY = YES_AGGRESSIVE;
				CLANG_WARN_UNREACHABLE_CODE = YES;
				CLANG_WARN__DUPLICATE_METHOD_MATCH = YES;
				COPY_PHASE_STRIP = NO;
				DEBUG_INFORMATION_FORMAT = dwarf;
				DEVELOPMENT_TEAM = 29HC4SA3R9;
				ENABLE_STRICT_OBJC_MSGSEND = YES;
				ENABLE_TESTABILITY = YES;
				ENABLE_USER_SCRIPT_SANDBOXING = YES;
				GCC_C_LANGUAGE_STANDARD = gnu17;
				GCC_DYNAMIC_NO_PIC = NO;
				GCC_NO_COMMON_BLOCKS = YES;
				GCC_OPTIMIZATION_LEVEL = 0;
				GCC_PREPROCESSOR_DEFINITIONS = (
					"DEBUG=1",
					"$(inherited)",
				);
				GCC_WARN_64_TO_32_BIT_CONVERSION = YES;
				GCC_WARN_ABOUT_RETURN_TYPE = YES_ERROR;
				GCC_WARN_UNDECLARED_SELECTOR = YES;
				GCC_WARN_UNINITIALIZED_AUTOS = YES_AGGRESSIVE;
				GCC_WARN_UNUSED_FUNCTION = YES;
				GCC_WARN_UNUSED_VARIABLE = YES;
				LOCALIZATION_PREFERS_STRING_CATALOGS = YES;
				MTL_ENABLE_DEBUG_INFO = INCLUDE_SOURCE;
				MTL_FAST_MATH = YES;
				ONLY_ACTIVE_ARCH = YES;
				SWIFT_ACTIVE_COMPILATION_CONDITIONS = "DEBUG $(inherited)";
				SWIFT_OPTIMIZATION_LEVEL = "-Onone";
			};
			name = Debug;
		};
		EF3C36FF302D10DF00D15B6B /* Release */ = {
			isa = XCBuildConfiguration;
			buildSettings = {
				ALWAYS_SEARCH_USER_PATHS = NO;
				ASSETCATALOG_COMPILER_GENERATE_SWIFT_ASSET_SYMBOL_EXTENSIONS = YES;
				CLANG_ANALYZER_NONNULL = YES;
				CLANG_ANALYZER_NUMBER_OBJECT_CONVERSION = YES_AGGRESSIVE;
				CLANG_CXX_LANGUAGE_STANDARD = "gnu++20";
				CLANG_ENABLE_MODULES = YES;
				CLANG_ENABLE_OBJC_ARC = YES;
				CLANG_ENABLE_OBJC_WEAK = YES;
				CLANG_WARN_BLOCK_CAPTURE_AUTORELEASING = YES;
				CLANG_WARN_BOOL_CONVERSION = YES;
				CLANG_WARN_COMMA = YES;
				CLANG_WARN_CONSTANT_CONVERSION = YES;
				CLANG_WARN_DEPRECATED_OBJC_IMPLEMENTATIONS = YES;
				CLANG_WARN_DIRECT_OBJC_ISA_USAGE = YES_ERROR;
				CLANG_WARN_DOCUMENTATION_COMMENTS = YES;
				CLANG_WARN_EMPTY_BODY = YES;
				CLANG_WARN_ENUM_CONVERSION = YES;
				CLANG_WARN_INFINITE_RECURSION = YES;
				CLANG_WARN_INT_CONVERSION = YES;
				CLANG_WARN_NON_LITERAL_NULL_CONVERSION = YES;
				CLANG_WARN_OBJC_IMPLICIT_RETAIN_SELF = YES;
				CLANG_WARN_OBJC_LITERAL_CONVERSION = YES;
				CLANG_WARN_OBJC_ROOT_CLASS = YES_ERROR;
				CLANG_WARN_QUOTED_INCLUDE_IN_FRAMEWORK_HEADER = YES;
				CLANG_WARN_RANGE_LOOP_ANALYSIS = YES;
				CLANG_WARN_STRICT_PROTOTYPES = YES;
				CLANG_WARN_SUSPICIOUS_MOVE = YES;
				CLANG_WARN_UNGUARDED_AVAILABILITY = YES_AGGRESSIVE;
				CLANG_WARN_UNREACHABLE_CODE = YES;
				CLANG_WARN__DUPLICATE_METHOD_MATCH = YES;
				COPY_PHASE_STRIP = NO;
				DEBUG_INFORMATION_FORMAT = "dwarf-with-dsym";
				DEVELOPMENT_TEAM = 29HC4SA3R9;
				ENABLE_NS_ASSERTIONS = NO;
				ENABLE_STRICT_OBJC_MSGSEND = YES;
				ENABLE_USER_SCRIPT_SANDBOXING = YES;
				GCC_C_LANGUAGE_STANDARD = gnu17;
				GCC_NO_COMMON_BLOCKS = YES;
				GCC_WARN_64_TO_32_BIT_CONVERSION = YES;
				GCC_WARN_ABOUT_RETURN_TYPE = YES_ERROR;
				GCC_WARN_UNDECLARED_SELECTOR = YES;
				GCC_WARN_UNINITIALIZED_AUTOS = YES_AGGRESSIVE;
				GCC_WARN_UNUSED_FUNCTION = YES;
				GCC_WARN_UNUSED_VARIABLE = YES;
				LOCALIZATION_PREFERS_STRING_CATALOGS = YES;
				MTL_ENABLE_DEBUG_INFO = NO;
				MTL_FAST_MATH = YES;
				SWIFT_COMPILATION_MODE = wholemodule;
			};
			name = Release;
		};
		EF3C3701302D10DF00D15B6B /* Debug */ = {
			isa = XCBuildConfiguration;
			buildSettings = {
				ASSETCATALOG_COMPILER_APPICON_NAME = AppIcon;
				ASSETCATALOG_COMPILER_GLOBAL_ACCENT_COLOR_NAME = AccentColor;
				CODE_SIGN_STYLE = Automatic;
				CURRENT_PROJECT_VERSION = 1;
				DEVELOPMENT_TEAM = 29HC4SA3R9;
				ENABLE_PREVIEWS = YES;
				GENERATE_INFOPLIST_FILE = YES;
				INFOPLIST_KEY_CFBundleDisplayName = testingWatch;
				INFOPLIST_KEY_UISupportedInterfaceOrientations = "UIInterfaceOrientationPortrait UIInterfaceOrientationPortraitUpsideDown";
				INFOPLIST_KEY_WKWatchOnly = YES;
				LD_RUNPATH_SEARCH_PATHS = (
					"$(inherited)",
					"@executable_path/Frameworks",
				);
				MARKETING_VERSION = 1.0;
				PRODUCT_BUNDLE_IDENTIFIER = br.com.paulo.testingWatch.watchkitapp;
				PRODUCT_NAME = "$(TARGET_NAME)";
				SDKROOT = watchos;
				SKIP_INSTALL = YES;
				STRING_CATALOG_GENERATE_SYMBOLS = YES;
				SWIFT_APPROACHABLE_CONCURRENCY = YES;
				SWIFT_DEFAULT_ACTOR_ISOLATION = MainActor;
				SWIFT_EMIT_LOC_STRINGS = YES;
				SWIFT_UPCOMING_FEATURE_MEMBER_IMPORT_VISIBILITY = YES;
				SWIFT_VERSION = 5.0;
				TARGETED_DEVICE_FAMILY = 4;
				WATCHOS_DEPLOYMENT_TARGET = 26.5;
			};
			name = Debug;
		};
		EF3C3702302D10DF00D15B6B /* Release */ = {
			isa = XCBuildConfiguration;
			buildSettings = {
				ASSETCATALOG_COMPILER_APPICON_NAME = AppIcon;
				ASSETCATALOG_COMPILER_GLOBAL_ACCENT_COLOR_NAME = AccentColor;
				CODE_SIGN_STYLE = Automatic;
				CURRENT_PROJECT_VERSION = 1;
				DEVELOPMENT_TEAM = 29HC4SA3R9;
				ENABLE_PREVIEWS = YES;
				GENERATE_INFOPLIST_FILE = YES;
				INFOPLIST_KEY_CFBundleDisplayName = testingWatch;
				INFOPLIST_KEY_UISupportedInterfaceOrientations = "UIInterfaceOrientationPortrait UIInterfaceOrientationPortraitUpsideDown";
				INFOPLIST_KEY_WKWatchOnly = YES;
				LD_RUNPATH_SEARCH_PATHS = (
					"$(inherited)",
					"@executable_path/Frameworks",
				);
				MARKETING_VERSION = 1.0;
				PRODUCT_BUNDLE_IDENTIFIER = br.com.paulo.testingWatch.watchkitapp;
				PRODUCT_NAME = "$(TARGET_NAME)";
				SDKROOT = watchos;
				SKIP_INSTALL = YES;
				STRING_CATALOG_GENERATE_SYMBOLS = YES;
				SWIFT_APPROACHABLE_CONCURRENCY = YES;
				SWIFT_DEFAULT_ACTOR_ISOLATION = MainActor;
				SWIFT_EMIT_LOC_STRINGS = YES;
				SWIFT_UPCOMING_FEATURE_MEMBER_IMPORT_VISIBILITY = YES;
				SWIFT_VERSION = 5.0;
				TARGETED_DEVICE_FAMILY = 4;
				VALIDATE_PRODUCT = YES;
				WATCHOS_DEPLOYMENT_TARGET = 26.5;
			};
			name = Release;
		};
		EF3C3705302D10DF00D15B6B /* Debug */ = {
			isa = XCBuildConfiguration;
			buildSettings = {
				CODE_SIGN_STYLE = Automatic;
				CURRENT_PROJECT_VERSION = 1;
				DEVELOPMENT_TEAM = 29HC4SA3R9;
				INFOPLIST_KEY_CFBundleDisplayName = testingWatch;
				IPHONEOS_DEPLOYMENT_TARGET = 26.5;
				MARKETING_VERSION = 1.0;
				PRODUCT_BUNDLE_IDENTIFIER = br.com.paulo.testingWatch;
				PRODUCT_NAME = "$(TARGET_NAME)";
				SDKROOT = iphoneos;
				SWIFT_APPROACHABLE_CONCURRENCY = YES;
				SWIFT_UPCOMING_FEATURE_MEMBER_IMPORT_VISIBILITY = YES;
				SWIFT_VERSION = 5.0;
			};
			name = Debug;
		};
		EF3C3706302D10DF00D15B6B /* Release */ = {
			isa = XCBuildConfiguration;
			buildSettings = {
				CODE_SIGN_STYLE = Automatic;
				CURRENT_PROJECT_VERSION = 1;
				DEVELOPMENT_TEAM = 29HC4SA3R9;
				INFOPLIST_KEY_CFBundleDisplayName = testingWatch;
				IPHONEOS_DEPLOYMENT_TARGET = 26.5;
				MARKETING_VERSION = 1.0;
				PRODUCT_BUNDLE_IDENTIFIER = br.com.paulo.testingWatch;
				PRODUCT_NAME = "$(TARGET_NAME)";
				SDKROOT = iphoneos;
				SWIFT_APPROACHABLE_CONCURRENCY = YES;
				SWIFT_UPCOMING_FEATURE_MEMBER_IMPORT_VISIBILITY = YES;
				SWIFT_VERSION = 5.0;
				VALIDATE_PRODUCT = YES;
			};
			name = Release;
		};
		EF3C3708302D10DF00D15B6B /* Debug */ = {
			isa = XCBuildConfiguration;
			buildSettings = {
				BUNDLE_LOADER = "$(TEST_HOST)";
				CODE_SIGN_STYLE = Automatic;
				CURRENT_PROJECT_VERSION = 1;
				DEVELOPMENT_TEAM = 29HC4SA3R9;
				GENERATE_INFOPLIST_FILE = YES;
				MARKETING_VERSION = 1.0;
				PRODUCT_BUNDLE_IDENTIFIER = "br.com.paulo.testingWatch-Watch-AppTests";
				PRODUCT_NAME = "$(TARGET_NAME)";
				SDKROOT = watchos;
				STRING_CATALOG_GENERATE_SYMBOLS = NO;
				SWIFT_APPROACHABLE_CONCURRENCY = YES;
				SWIFT_EMIT_LOC_STRINGS = NO;
				SWIFT_UPCOMING_FEATURE_MEMBER_IMPORT_VISIBILITY = YES;
				SWIFT_VERSION = 5.0;
				TARGETED_DEVICE_FAMILY = 4;
				TEST_HOST = "$(BUILT_PRODUCTS_DIR)/testingWatch Watch App.app/$(BUNDLE_EXECUTABLE_FOLDER_PATH)/testingWatch Watch App";
				WATCHOS_DEPLOYMENT_TARGET = 26.5;
			};
			name = Debug;
		};
		EF3C3709302D10DF00D15B6B /* Release */ = {
			isa = XCBuildConfiguration;
			buildSettings = {
				BUNDLE_LOADER = "$(TEST_HOST)";
				CODE_SIGN_STYLE = Automatic;
				CURRENT_PROJECT_VERSION = 1;
				DEVELOPMENT_TEAM = 29HC4SA3R9;
				GENERATE_INFOPLIST_FILE = YES;
				MARKETING_VERSION = 1.0;
				PRODUCT_BUNDLE_IDENTIFIER = "br.com.paulo.testingWatch-Watch-AppTests";
				PRODUCT_NAME = "$(TARGET_NAME)";
				SDKROOT = watchos;
				STRING_CATALOG_GENERATE_SYMBOLS = NO;
				SWIFT_APPROACHABLE_CONCURRENCY = YES;
				SWIFT_EMIT_LOC_STRINGS = NO;
				SWIFT_UPCOMING_FEATURE_MEMBER_IMPORT_VISIBILITY = YES;
				SWIFT_VERSION = 5.0;
				TARGETED_DEVICE_FAMILY = 4;
				TEST_HOST = "$(BUILT_PRODUCTS_DIR)/testingWatch Watch App.app/$(BUNDLE_EXECUTABLE_FOLDER_PATH)/testingWatch Watch App";
				VALIDATE_PRODUCT = YES;
				WATCHOS_DEPLOYMENT_TARGET = 26.5;
			};
			name = Release;
		};
		EF3C370B302D10DF00D15B6B /* Debug */ = {
			isa = XCBuildConfiguration;
			buildSettings = {
				CODE_SIGN_STYLE = Automatic;
				CURRENT_PROJECT_VERSION = 1;
				DEVELOPMENT_TEAM = 29HC4SA3R9;
				GENERATE_INFOPLIST_FILE = YES;
				MARKETING_VERSION = 1.0;
				PRODUCT_BUNDLE_IDENTIFIER = "br.com.paulo.testingWatch-Watch-AppUITests";
				PRODUCT_NAME = "$(TARGET_NAME)";
				SDKROOT = watchos;
				STRING_CATALOG_GENERATE_SYMBOLS = NO;
				SWIFT_APPROACHABLE_CONCURRENCY = YES;
				SWIFT_EMIT_LOC_STRINGS = NO;
				SWIFT_UPCOMING_FEATURE_MEMBER_IMPORT_VISIBILITY = YES;
				SWIFT_VERSION = 5.0;
				TARGETED_DEVICE_FAMILY = 4;
				TEST_TARGET_NAME = "testingWatch Watch App";
				WATCHOS_DEPLOYMENT_TARGET = 26.5;
			};
			name = Debug;
		};
		EF3C370C302D10DF00D15B6B /* Release */ = {
			isa = XCBuildConfiguration;
			buildSettings = {
				CODE_SIGN_STYLE = Automatic;
				CURRENT_PROJECT_VERSION = 1;
				DEVELOPMENT_TEAM = 29HC4SA3R9;
				GENERATE_INFOPLIST_FILE = YES;
				MARKETING_VERSION = 1.0;
				PRODUCT_BUNDLE_IDENTIFIER = "br.com.paulo.testingWatch-Watch-AppUITests";
				PRODUCT_NAME = "$(TARGET_NAME)";
				SDKROOT = watchos;
				STRING_CATALOG_GENERATE_SYMBOLS = NO;
				SWIFT_APPROACHABLE_CONCURRENCY = YES;
				SWIFT_EMIT_LOC_STRINGS = NO;
				SWIFT_UPCOMING_FEATURE_MEMBER_IMPORT_VISIBILITY = YES;
				SWIFT_VERSION = 5.0;
				TARGETED_DEVICE_FAMILY = 4;
				TEST_TARGET_NAME = "testingWatch Watch App";
				VALIDATE_PRODUCT = YES;
				WATCHOS_DEPLOYMENT_TARGET = 26.5;
			};
			name = Release;
		};
/* End XCBuildConfiguration section */

/* Begin XCConfigurationList section */
		EF3C36D4302D10DE00D15B6B /* Build configuration list for PBXProject "testingWatch" */ = {
			isa = XCConfigurationList;
			buildConfigurations = (
				EF3C36FE302D10DF00D15B6B /* Debug */,
				EF3C36FF302D10DF00D15B6B /* Release */,
			);
			defaultConfigurationIsVisible = 0;
			defaultConfigurationName = Release;
		};
		EF3C3700302D10DF00D15B6B /* Build configuration list for PBXNativeTarget "testingWatch Watch App" */ = {
			isa = XCConfigurationList;
			buildConfigurations = (
				EF3C3701302D10DF00D15B6B /* Debug */,
				EF3C3702302D10DF00D15B6B /* Release */,
			);
			defaultConfigurationIsVisible = 0;
			defaultConfigurationName = Release;
		};
		EF3C3704302D10DF00D15B6B /* Build configuration list for PBXNativeTarget "testingWatch" */ = {
			isa = XCConfigurationList;
			buildConfigurations = (
				EF3C3705302D10DF00D15B6B /* Debug */,
				EF3C3706302D10DF00D15B6B /* Release */,
			);
			defaultConfigurationIsVisible = 0;
			defaultConfigurationName = Release;
		};
		EF3C3707302D10DF00D15B6B /* Build configuration list for PBXNativeTarget "testingWatch Watch AppTests" */ = {
			isa = XCConfigurationList;
			buildConfigurations = (
				EF3C3708302D10DF00D15B6B /* Debug */,
				EF3C3709302D10DF00D15B6B /* Release */,
			);
			defaultConfigurationIsVisible = 0;
			defaultConfigurationName = Release;
		};
		EF3C370A302D10DF00D15B6B /* Build configuration list for PBXNativeTarget "testingWatch Watch AppUITests" */ = {
			isa = XCConfigurationList;
			buildConfigurations = (
				EF3C370B302D10DF00D15B6B /* Debug */,
				EF3C370C302D10DF00D15B6B /* Release */,
			);
			defaultConfigurationIsVisible = 0;
			defaultConfigurationName = Release;
		};
/* End XCConfigurationList section */
	};
	rootObject = EF3C36D1302D10DE00D15B6B /* Project object */;
}
